
Microsoft Visual Studio Solution File, Format Version 11.00
# Visual Studio 2010
Project("{FAE04EC0-301F-11D3-BF4B-00C04F79EFBC}") = "Assembly-CSharp", "Assembly-CSharp.csproj", "{8e4f4933-5d16-ceec-e32c-c9b9aa9c4fee}"
EndProject
Project("{FAE04EC0-301F-11D3-BF4B-00C04F79EFBC}") = "Assembly-CSharp-Editor", "Assembly-CSharp-Editor.csproj", "{e312e400-ee37-d117-d864-582b5c8a08d0}"
EndProject
Global
	GlobalSection(SolutionConfigurationPlatforms) = preSolution
		Debug|Any CPU = Debug|Any CPU
	EndGlobalSection
	GlobalSection(ProjectConfigurationPlatforms) = postSolution
		{8e4f4933-5d16-ceec-e32c-c9b9aa9c4fee}.Debug|Any CPU.ActiveCfg = Debug|Any CPU
		{8e4f4933-5d16-ceec-e32c-c9b9aa9c4fee}.Debug|Any CPU.Build.0 = Debug|Any CPU
		{e312e400-ee37-d117-d864-582b5c8a08d0}.Debug|Any CPU.ActiveCfg = Debug|Any CPU
		{e312e400-ee37-d117-d864-582b5c8a08d0}.Debug|Any CPU.Build.0 = Debug|Any CPU
	EndGlobalSection
	GlobalSection(SolutionProperties) = preSolution
		HideSolutionNode = FALSE
	EndGlobalSection
EndGlobal
